
Microsoft Visual Studio Solution File, Format Version 12.00
# Visual Studio Version 17
VisualStudioVersion = 17.11.35303.130
MinimumVisualStudioVersion = 10.0.40219.1
Project("{2150E333-8FDC-42A3-9474-1A3956D46DE8}") = "Task0", "Task0", "{D8DF8957-9CC7-407A-9E27-6E3E12F0CD29}"
EndProject
Project("{9A19103F-16F7-4668-BE54-9A1E7A4F7556}") = "Tyuiu.KhvorykhVA.Sprint6.Task0.V8.Lib", "Tyuiu.KhvorykhVA.Sprint6.Task0.V8.Lib\Tyuiu.KhvorykhVA.Sprint6.Task0.V8.Lib.csproj", "{D8B87434-FC38-4BDB-836F-C0CF64F3604B}"
EndProject
Project("{9A19103F-16F7-4668-BE54-9A1E7A4F7556}") = "Tyuiu.KhvorykhVA.Sprint6.Task0.V8.Test", "Tyuiu.KhvorykhVA.Sprint6.Task0.V8.Test\Tyuiu.KhvorykhVA.Sprint6.Task0.V8.Test.csproj", "{834C1A7E-7BE6-465B-BE09-EAFC1B8B7899}"
EndProject
Project("{FAE04EC0-301F-11D3-BF4B-00C04F79EFBC}") = "Tyuiu.KhvorykhVA.Sprint6.Task0.V8", "Tyuiu.KhvorykhVA.Sprint6.Task0.V8\Tyuiu.KhvorykhVA.Sprint6.Task0.V8.csproj", "{D2D4DB67-4A8B-4D5C-9746-9194DDF98AC6}"
EndProject
Project("{2150E333-8FDC-42A3-9474-1A3956D46DE8}") = "Task1", "Task1", "{1E0306FD-3B0F-4A39-847B-0B0D161863B2}"
EndProject
Project("{FAE04EC0-301F-11D3-BF4B-00C04F79EFBC}") = "Tyuiu.KhvorykhVA.Sprint6.Task1.V18", "Tyuiu.KhvorykhVA.Sprint6.Task1.V18\Tyuiu.KhvorykhVA.Sprint6.Task1.V18.csproj", "{5743C96F-09CF-4FF5-A47D-DE57F68116B6}"
EndProject
Project("{FAE04EC0-301F-11D3-BF4B-00C04F79EFBC}") = "Tyuiu.KhvorykhVA.Sprint6.Task1.V18.Lib", "Tyuiu.KhvorykhVA.Sprint6.Task1.V18.Lib\Tyuiu.KhvorykhVA.Sprint6.Task1.V18.Lib.csproj", "{72C16100-2D29-4FD9-A20F-E2D574933B1D}"
EndProject
Project("{FAE04EC0-301F-11D3-BF4B-00C04F79EFBC}") = "Tyuiu.KhvorykhVA.Sprint6.Task1.V18.Test", "Tyuiu.KhvorykhVA.Sprint6.Task1.V18.Test\Tyuiu.KhvorykhVA.Sprint6.Task1.V18.Test.csproj", "{E8A23F61-ACE4-4815-B16F-06FB80458206}"
EndProject
Project("{2150E333-8FDC-42A3-9474-1A3956D46DE8}") = "Task2", "Task2", "{E44100C0-90B9-48AE-922E-059DC4EF2B58}"
EndProject
Project("{FAE04EC0-301F-11D3-BF4B-00C04F79EFBC}") = "Tyuiu.KhvorykhVA.Sprint6.Task2.V25", "Tyuiu.KhvorykhVA.Sprint6.Task2.V25\Tyuiu.KhvorykhVA.Sprint6.Task2.V25.csproj", "{CAD4C89F-ADB2-42F6-8A7A-E1CB3E9640F0}"
EndProject
Project("{FAE04EC0-301F-11D3-BF4B-00C04F79EFBC}") = "Tyuiu.KhvorykhVA.Sprint6.Task2.V25.Lib", "Tyuiu.KhvorykhVA.Sprint6.Task2.V25.Lib\Tyuiu.KhvorykhVA.Sprint6.Task2.V25.Lib.csproj", "{BC00E914-9241-4814-BCE7-ED11942CE363}"
EndProject
Project("{FAE04EC0-301F-11D3-BF4B-00C04F79EFBC}") = "Tyuiu.KhvorykhVA.Sprint6.Task2.V25.Test", "Tyuiu.KhvorykhVA.Sprint6.Task2.V25.Test\Tyuiu.KhvorykhVA.Sprint6.Task2.V25.Test.csproj", "{6BB0B871-59AC-4A2F-8B1C-38DFD2A2EA3A}"
EndProject
Global
	GlobalSection(SolutionConfigurationPlatforms) = preSolution
		Debug|Any CPU = Debug|Any CPU
		Release|Any CPU = Release|Any CPU
	EndGlobalSection
	GlobalSection(ProjectConfigurationPlatforms) = postSolution
		{D8B87434-FC38-4BDB-836F-C0CF64F3604B}.Debug|Any CPU.ActiveCfg = Debug|Any CPU
		{D8B87434-FC38-4BDB-836F-C0CF64F3604B}.Debug|Any CPU.Build.0 = Debug|Any CPU
		{D8B87434-FC38-4BDB-836F-C0CF64F3604B}.Release|Any CPU.ActiveCfg = Release|Any CPU
		{D8B87434-FC38-4BDB-836F-C0CF64F3604B}.Release|Any CPU.Build.0 = Release|Any CPU
		{834C1A7E-7BE6-465B-BE09-EAFC1B8B7899}.Debug|Any CPU.ActiveCfg = Debug|Any CPU
		{834C1A7E-7BE6-465B-BE09-EAFC1B8B7899}.Debug|Any CPU.Build.0 = Debug|Any CPU
		{834C1A7E-7BE6-465B-BE09-EAFC1B8B7899}.Release|Any CPU.ActiveCfg = Release|Any CPU
		{834C1A7E-7BE6-465B-BE09-EAFC1B8B7899}.Release|Any CPU.Build.0 = Release|Any CPU
		{D2D4DB67-4A8B-4D5C-9746-9194DDF98AC6}.Debug|Any CPU.ActiveCfg = Debug|Any CPU
		{D2D4DB67-4A8B-4D5C-9746-9194DDF98AC6}.Debug|Any CPU.Build.0 = Debug|Any CPU
		{D2D4DB67-4A8B-4D5C-9746-9194DDF98AC6}.Release|Any CPU.ActiveCfg = Release|Any CPU
		{D2D4DB67-4A8B-4D5C-9746-9194DDF98AC6}.Release|Any CPU.Build.0 = Release|Any CPU
		{5743C96F-09CF-4FF5-A47D-DE57F68116B6}.Debug|Any CPU.ActiveCfg = Debug|Any CPU
		{5743C96F-09CF-4FF5-A47D-DE57F68116B6}.Debug|Any CPU.Build.0 = Debug|Any CPU
		{5743C96F-09CF-4FF5-A47D-DE57F68116B6}.Release|Any CPU.ActiveCfg = Release|Any CPU
		{5743C96F-09CF-4FF5-A47D-DE57F68116B6}.Release|Any CPU.Build.0 = Release|Any CPU
		{72C16100-2D29-4FD9-A20F-E2D574933B1D}.Debug|Any CPU.ActiveCfg = Debug|Any CPU
		{72C16100-2D29-4FD9-A20F-E2D574933B1D}.Debug|Any CPU.Build.0 = Debug|Any CPU
		{72C16100-2D29-4FD9-A20F-E2D574933B1D}.Release|Any CPU.ActiveCfg = Release|Any CPU
		{72C16100-2D29-4FD9-A20F-E2D574933B1D}.Release|Any CPU.Build.0 = Release|Any CPU
		{E8A23F61-ACE4-4815-B16F-06FB80458206}.Debug|Any CPU.ActiveCfg = Debug|Any CPU
		{E8A23F61-ACE4-4815-B16F-06FB80458206}.Debug|Any CPU.Build.0 = Debug|Any CPU
		{E8A23F61-ACE4-4815-B16F-06FB80458206}.Release|Any CPU.ActiveCfg = Release|Any CPU
		{E8A23F61-ACE4-4815-B16F-06FB80458206}.Release|Any CPU.Build.0 = Release|Any CPU
		{CAD4C89F-ADB2-42F6-8A7A-E1CB3E9640F0}.Debug|Any CPU.ActiveCfg = Debug|Any CPU
		{CAD4C89F-ADB2-42F6-8A7A-E1CB3E9640F0}.Debug|Any CPU.Build.0 = Debug|Any CPU
		{CAD4C89F-ADB2-42F6-8A7A-E1CB3E9640F0}.Release|Any CPU.ActiveCfg = Release|Any CPU
		{CAD4C89F-ADB2-42F6-8A7A-E1CB3E9640F0}.Release|Any CPU.Build.0 = Release|Any CPU
		{BC00E914-9241-4814-BCE7-ED11942CE363}.Debug|Any CPU.ActiveCfg = Debug|Any CPU
		{BC00E914-9241-4814-BCE7-ED11942CE363}.Debug|Any CPU.Build.0 = Debug|Any CPU
		{BC00E914-9241-4814-BCE7-ED11942CE363}.Release|Any CPU.ActiveCfg = Release|Any CPU
		{BC00E914-9241-4814-BCE7-ED11942CE363}.Release|Any CPU.Build.0 = Release|Any CPU
		{6BB0B871-59AC-4A2F-8B1C-38DFD2A2EA3A}.Debug|Any CPU.ActiveCfg = Debug|Any CPU
		{6BB0B871-59AC-4A2F-8B1C-38DFD2A2EA3A}.Debug|Any CPU.Build.0 = Debug|Any CPU
		{6BB0B871-59AC-4A2F-8B1C-38DFD2A2EA3A}.Release|Any CPU.ActiveCfg = Release|Any CPU
		{6BB0B871-59AC-4A2F-8B1C-38DFD2A2EA3A}.Release|Any CPU.Build.0 = Release|Any CPU
	EndGlobalSection
	GlobalSection(SolutionProperties) = preSolution
		HideSolutionNode = FALSE
	EndGlobalSection
	GlobalSection(NestedProjects) = preSolution
		{D8B87434-FC38-4BDB-836F-C0CF64F3604B} = {D8DF8957-9CC7-407A-9E27-6E3E12F0CD29}
		{834C1A7E-7BE6-465B-BE09-EAFC1B8B7899} = {D8DF8957-9CC7-407A-9E27-6E3E12F0CD29}
		{D2D4DB67-4A8B-4D5C-9746-9194DDF98AC6} = {D8DF8957-9CC7-407A-9E27-6E3E12F0CD29}
		{5743C96F-09CF-4FF5-A47D-DE57F68116B6} = {1E0306FD-3B0F-4A39-847B-0B0D161863B2}
		{72C16100-2D29-4FD9-A20F-E2D574933B1D} = {1E0306FD-3B0F-4A39-847B-0B0D161863B2}
		{E8A23F61-ACE4-4815-B16F-06FB80458206} = {1E0306FD-3B0F-4A39-847B-0B0D161863B2}
		{CAD4C89F-ADB2-42F6-8A7A-E1CB3E9640F0} = {E44100C0-90B9-48AE-922E-059DC4EF2B58}
		{BC00E914-9241-4814-BCE7-ED11942CE363} = {E44100C0-90B9-48AE-922E-059DC4EF2B58}
		{6BB0B871-59AC-4A2F-8B1C-38DFD2A2EA3A} = {E44100C0-90B9-48AE-922E-059DC4EF2B58}
	EndGlobalSection
	GlobalSection(ExtensibilityGlobals) = postSolution
		SolutionGuid = {81B8341B-DFAE-4823-91B2-74107A83376D}
	EndGlobalSection
EndGlobal
