
Microsoft Visual Studio Solution File, Format Version 12.00
# Visual Studio Version 17
VisualStudioVersion = 17.11.35303.130
MinimumVisualStudioVersion = 10.0.40219.1
Project("{2150E333-8FDC-42A3-9474-1A3956D46DE8}") = "Task0", "Task0", "{D8DF8957-9CC7-407A-9E27-6E3E12F0CD29}"
EndProject
Project("{9A19103F-16F7-4668-BE54-9A1E7A4F7556}") = "Tyuiu.KhvorykhVA.Sprint6.Task0.V8.Lib", "Tyuiu.KhvorykhVA.Sprint6.Task0.V8.Lib\Tyuiu.KhvorykhVA.Sprint6.Task0.V8.Lib.csproj", "{D8B87434-FC38-4BDB-836F-C0CF64F3604B}"
EndProject
Project("{9A19103F-16F7-4668-BE54-9A1E7A4F7556}") = "Tyuiu.KhvorykhVA.Sprint6.Task0.V8.Test", "Tyuiu.KhvorykhVA.Sprint6.Task0.V8.Test\Tyuiu.KhvorykhVA.Sprint6.Task0.V8.Test.csproj", "{834C1A7E-7BE6-465B-BE09-EAFC1B8B7899}"
EndProject
Project("{9A19103F-16F7-4668-BE54-9A1E7A4F7556}") = "Tyuiu.KhvorykhVA.Sprint6.Task0.V8", "Tyuiu.KhvorykhVA.Sprint6.Task0.V8\Tyuiu.KhvorykhVA.Sprint6.Task0.V8.csproj", "{D2D4DB67-4A8B-4D5C-9746-9194DDF98AC6}"
EndProject
Project("{2150E333-8FDC-42A3-9474-1A3956D46DE8}") = "Task1", "Task1", "{1E0306FD-3B0F-4A39-847B-0B0D161863B2}"
EndProject
Project("{9A19103F-16F7-4668-BE54-9A1E7A4F7556}") = "Tyuiu.KhvorykhVA.Sprint6.Task1.V18", "Tyuiu.KhvorykhVA.Sprint6.Task1.V18\Tyuiu.KhvorykhVA.Sprint6.Task1.V18.csproj", "{5743C96F-09CF-4FF5-A47D-DE57F68116B6}"
EndProject
Project("{9A19103F-16F7-4668-BE54-9A1E7A4F7556}") = "Tyuiu.KhvorykhVA.Sprint6.Task1.V18.Lib", "Tyuiu.KhvorykhVA.Sprint6.Task1.V18.Lib\Tyuiu.KhvorykhVA.Sprint6.Task1.V18.Lib.csproj", "{72C16100-2D29-4FD9-A20F-E2D574933B1D}"
EndProject
Project("{9A19103F-16F7-4668-BE54-9A1E7A4F7556}") = "Tyuiu.KhvorykhVA.Sprint6.Task1.V18.Test", "Tyuiu.KhvorykhVA.Sprint6.Task1.V18.Test\Tyuiu.KhvorykhVA.Sprint6.Task1.V18.Test.csproj", "{E8A23F61-ACE4-4815-B16F-06FB80458206}"
EndProject
Project("{2150E333-8FDC-42A3-9474-1A3956D46DE8}") = "Task2", "Task2", "{E44100C0-90B9-48AE-922E-059DC4EF2B58}"
EndProject
Project("{9A19103F-16F7-4668-BE54-9A1E7A4F7556}") = "Tyuiu.KhvorykhVA.Sprint6.Task2.V25", "Tyuiu.KhvorykhVA.Sprint6.Task2.V25\Tyuiu.KhvorykhVA.Sprint6.Task2.V25.csproj", "{CAD4C89F-ADB2-42F6-8A7A-E1CB3E9640F0}"
EndProject
Project("{9A19103F-16F7-4668-BE54-9A1E7A4F7556}") = "Tyuiu.KhvorykhVA.Sprint6.Task2.V25.Lib", "Tyuiu.KhvorykhVA.Sprint6.Task2.V25.Lib\Tyuiu.KhvorykhVA.Sprint6.Task2.V25.Lib.csproj", "{BC00E914-9241-4814-BCE7-ED11942CE363}"
EndProject
Project("{9A19103F-16F7-4668-BE54-9A1E7A4F7556}") = "Tyuiu.KhvorykhVA.Sprint6.Task2.V25.Test", "Tyuiu.KhvorykhVA.Sprint6.Task2.V25.Test\Tyuiu.KhvorykhVA.Sprint6.Task2.V25.Test.csproj", "{6BB0B871-59AC-4A2F-8B1C-38DFD2A2EA3A}"
EndProject
Project("{2150E333-8FDC-42A3-9474-1A3956D46DE8}") = "Task3", "Task3", "{7F1CC6A0-9527-4DA1-8D4D-88B2F8883033}"
EndProject
Project("{9A19103F-16F7-4668-BE54-9A1E7A4F7556}") = "Tyuiu.KhvorykhVA.Sprint6.Task3.V10", "Tyuiu.KhvorykhVA.Sprint6.Task3.V10\Tyuiu.KhvorykhVA.Sprint6.Task3.V10.csproj", "{857F5C6C-66C5-4D2A-A5F4-BEF037309789}"
EndProject
Project("{9A19103F-16F7-4668-BE54-9A1E7A4F7556}") = "Tyuiu.KhvorykhVA.Sprint6.Task3.V10.Lib", "Tyuiu.KhvorykhVA.Sprint6.Task3.V10.Lib\Tyuiu.KhvorykhVA.Sprint6.Task3.V10.Lib.csproj", "{155C2D96-28C8-4393-B274-C92A48F6CC16}"
EndProject
Project("{9A19103F-16F7-4668-BE54-9A1E7A4F7556}") = "Tyuiu.KhvorykhVA.Sprint6.Task3.V10.Test", "Tyuiu.KhvorykhVA.Sprint6.Task3.V10.Test\Tyuiu.KhvorykhVA.Sprint6.Task3.V10.Test.csproj", "{E04A8D57-ACD1-48F1-B883-38535C4592DD}"
EndProject
Project("{2150E333-8FDC-42A3-9474-1A3956D46DE8}") = "Task4", "Task4", "{C4149C69-BD0B-442E-BCB1-5E944A3BB6D3}"
EndProject
Project("{9A19103F-16F7-4668-BE54-9A1E7A4F7556}") = "Tyuiu.KhvorykhVA.Sprint6.Task4.V4", "Tyuiu.KhvorykhVA.Sprint6.Task4.V4\Tyuiu.KhvorykhVA.Sprint6.Task4.V4.csproj", "{2774CA69-8D7B-4F06-905C-DCB59D0756EE}"
EndProject
Project("{9A19103F-16F7-4668-BE54-9A1E7A4F7556}") = "Tyuiu.KhvorykhVA.Sprint6.Task4.V4.Lib", "Tyuiu.KhvorykhVA.Sprint6.Task4.V4.Lib\Tyuiu.KhvorykhVA.Sprint6.Task4.V4.Lib.csproj", "{27F793C9-DF62-41CC-A4D8-DCCAD65AA061}"
EndProject
Project("{9A19103F-16F7-4668-BE54-9A1E7A4F7556}") = "Tyuiu.KhvorykhVA.Sprint6.Task4.V4.Test", "Tyuiu.KhvorykhVA.Sprint6.Task4.V4.Test\Tyuiu.KhvorykhVA.Sprint6.Task4.V4.Test.csproj", "{EACC0B15-A99C-40C2-BF31-085C0D19DCDA}"
EndProject
Project("{2150E333-8FDC-42A3-9474-1A3956D46DE8}") = "Task5", "Task5", "{FC3765A9-03AA-4F49-84DC-F1C11F311151}"
EndProject
Project("{9A19103F-16F7-4668-BE54-9A1E7A4F7556}") = "Tyuiu.KhvorykhVA.Sprint6.Task5.V27", "Tyuiu.KhvorykhVA.Sprint6.Task5.V27\Tyuiu.KhvorykhVA.Sprint6.Task5.V27.csproj", "{AE65214A-0816-4937-87F7-575A7431EA12}"
EndProject
Project("{9A19103F-16F7-4668-BE54-9A1E7A4F7556}") = "Tyuiu.KhvorykhVA.Sprint6.Task5.V27.Lib", "Tyuiu.KhvorykhVA.Sprint6.Task5.V27.Lib\Tyuiu.KhvorykhVA.Sprint6.Task5.V27.Lib.csproj", "{97CB874A-5563-41F2-BB5F-0033A43F2374}"
EndProject
Project("{9A19103F-16F7-4668-BE54-9A1E7A4F7556}") = "Tyuiu.KhvorykhVA.Sprint6.Task5.V27.Test", "Tyuiu.KhvorykhVA.Sprint6.Task5.V27.Test\Tyuiu.KhvorykhVA.Sprint6.Task5.V27.Test.csproj", "{FB87F16C-2F56-4870-923C-7B78A77640A1}"
EndProject
Project("{2150E333-8FDC-42A3-9474-1A3956D46DE8}") = "Task6", "Task6", "{55CAFD9F-D0A3-40D8-B1D9-1B5BD9E28A6D}"
EndProject
Project("{FAE04EC0-301F-11D3-BF4B-00C04F79EFBC}") = "Tyuiu.KhvorykhVA.Sprint6.Task6.V8", "Tyuiu.KhvorykhVA.Sprint6.Task6.V8\Tyuiu.KhvorykhVA.Sprint6.Task6.V8.csproj", "{CDB00EF9-1E27-4AB4-B8E4-203E96B557CE}"
EndProject
Project("{FAE04EC0-301F-11D3-BF4B-00C04F79EFBC}") = "Tyuiu.KhvorykhVA.Sprint6.Task6.V8.Lib", "Tyuiu.KhvorykhVA.Sprint6.Task6.V8.Lib\Tyuiu.KhvorykhVA.Sprint6.Task6.V8.Lib.csproj", "{450A7379-5E7F-475C-980E-E14C2374229F}"
EndProject
Project("{FAE04EC0-301F-11D3-BF4B-00C04F79EFBC}") = "Tyuiu.KhvorykhVA.Sprint6.Task6.V8.Test", "Tyuiu.KhvorykhVA.Sprint6.Task6.V8.Test\Tyuiu.KhvorykhVA.Sprint6.Task6.V8.Test.csproj", "{0CFF5CBA-9C33-4044-9B8C-8B0828EEF949}"
EndProject
Global
	GlobalSection(SolutionConfigurationPlatforms) = preSolution
		Debug|Any CPU = Debug|Any CPU
		Release|Any CPU = Release|Any CPU
	EndGlobalSection
	GlobalSection(ProjectConfigurationPlatforms) = postSolution
		{D8B87434-FC38-4BDB-836F-C0CF64F3604B}.Debug|Any CPU.ActiveCfg = Debug|Any CPU
		{D8B87434-FC38-4BDB-836F-C0CF64F3604B}.Debug|Any CPU.Build.0 = Debug|Any CPU
		{D8B87434-FC38-4BDB-836F-C0CF64F3604B}.Release|Any CPU.ActiveCfg = Release|Any CPU
		{D8B87434-FC38-4BDB-836F-C0CF64F3604B}.Release|Any CPU.Build.0 = Release|Any CPU
		{834C1A7E-7BE6-465B-BE09-EAFC1B8B7899}.Debug|Any CPU.ActiveCfg = Debug|Any CPU
		{834C1A7E-7BE6-465B-BE09-EAFC1B8B7899}.Debug|Any CPU.Build.0 = Debug|Any CPU
		{834C1A7E-7BE6-465B-BE09-EAFC1B8B7899}.Release|Any CPU.ActiveCfg = Release|Any CPU
		{834C1A7E-7BE6-465B-BE09-EAFC1B8B7899}.Release|Any CPU.Build.0 = Release|Any CPU
		{D2D4DB67-4A8B-4D5C-9746-9194DDF98AC6}.Debug|Any CPU.ActiveCfg = Debug|Any CPU
		{D2D4DB67-4A8B-4D5C-9746-9194DDF98AC6}.Debug|Any CPU.Build.0 = Debug|Any CPU
		{D2D4DB67-4A8B-4D5C-9746-9194DDF98AC6}.Release|Any CPU.ActiveCfg = Release|Any CPU
		{D2D4DB67-4A8B-4D5C-9746-9194DDF98AC6}.Release|Any CPU.Build.0 = Release|Any CPU
		{5743C96F-09CF-4FF5-A47D-DE57F68116B6}.Debug|Any CPU.ActiveCfg = Debug|Any CPU
		{5743C96F-09CF-4FF5-A47D-DE57F68116B6}.Debug|Any CPU.Build.0 = Debug|Any CPU
		{5743C96F-09CF-4FF5-A47D-DE57F68116B6}.Release|Any CPU.ActiveCfg = Release|Any CPU
		{5743C96F-09CF-4FF5-A47D-DE57F68116B6}.Release|Any CPU.Build.0 = Release|Any CPU
		{72C16100-2D29-4FD9-A20F-E2D574933B1D}.Debug|Any CPU.ActiveCfg = Debug|Any CPU
		{72C16100-2D29-4FD9-A20F-E2D574933B1D}.Debug|Any CPU.Build.0 = Debug|Any CPU
		{72C16100-2D29-4FD9-A20F-E2D574933B1D}.Release|Any CPU.ActiveCfg = Release|Any CPU
		{72C16100-2D29-4FD9-A20F-E2D574933B1D}.Release|Any CPU.Build.0 = Release|Any CPU
		{E8A23F61-ACE4-4815-B16F-06FB80458206}.Debug|Any CPU.ActiveCfg = Debug|Any CPU
		{E8A23F61-ACE4-4815-B16F-06FB80458206}.Debug|Any CPU.Build.0 = Debug|Any CPU
		{E8A23F61-ACE4-4815-B16F-06FB80458206}.Release|Any CPU.ActiveCfg = Release|Any CPU
		{E8A23F61-ACE4-4815-B16F-06FB80458206}.Release|Any CPU.Build.0 = Release|Any CPU
		{CAD4C89F-ADB2-42F6-8A7A-E1CB3E9640F0}.Debug|Any CPU.ActiveCfg = Debug|Any CPU
		{CAD4C89F-ADB2-42F6-8A7A-E1CB3E9640F0}.Debug|Any CPU.Build.0 = Debug|Any CPU
		{CAD4C89F-ADB2-42F6-8A7A-E1CB3E9640F0}.Release|Any CPU.ActiveCfg = Release|Any CPU
		{CAD4C89F-ADB2-42F6-8A7A-E1CB3E9640F0}.Release|Any CPU.Build.0 = Release|Any CPU
		{BC00E914-9241-4814-BCE7-ED11942CE363}.Debug|Any CPU.ActiveCfg = Debug|Any CPU
		{BC00E914-9241-4814-BCE7-ED11942CE363}.Debug|Any CPU.Build.0 = Debug|Any CPU
		{BC00E914-9241-4814-BCE7-ED11942CE363}.Release|Any CPU.ActiveCfg = Release|Any CPU
		{BC00E914-9241-4814-BCE7-ED11942CE363}.Release|Any CPU.Build.0 = Release|Any CPU
		{6BB0B871-59AC-4A2F-8B1C-38DFD2A2EA3A}.Debug|Any CPU.ActiveCfg = Debug|Any CPU
		{6BB0B871-59AC-4A2F-8B1C-38DFD2A2EA3A}.Debug|Any CPU.Build.0 = Debug|Any CPU
		{6BB0B871-59AC-4A2F-8B1C-38DFD2A2EA3A}.Release|Any CPU.ActiveCfg = Release|Any CPU
		{6BB0B871-59AC-4A2F-8B1C-38DFD2A2EA3A}.Release|Any CPU.Build.0 = Release|Any CPU
		{857F5C6C-66C5-4D2A-A5F4-BEF037309789}.Debug|Any CPU.ActiveCfg = Debug|Any CPU
		{857F5C6C-66C5-4D2A-A5F4-BEF037309789}.Debug|Any CPU.Build.0 = Debug|Any CPU
		{857F5C6C-66C5-4D2A-A5F4-BEF037309789}.Release|Any CPU.ActiveCfg = Release|Any CPU
		{857F5C6C-66C5-4D2A-A5F4-BEF037309789}.Release|Any CPU.Build.0 = Release|Any CPU
		{155C2D96-28C8-4393-B274-C92A48F6CC16}.Debug|Any CPU.ActiveCfg = Debug|Any CPU
		{155C2D96-28C8-4393-B274-C92A48F6CC16}.Debug|Any CPU.Build.0 = Debug|Any CPU
		{155C2D96-28C8-4393-B274-C92A48F6CC16}.Release|Any CPU.ActiveCfg = Release|Any CPU
		{155C2D96-28C8-4393-B274-C92A48F6CC16}.Release|Any CPU.Build.0 = Release|Any CPU
		{E04A8D57-ACD1-48F1-B883-38535C4592DD}.Debug|Any CPU.ActiveCfg = Debug|Any CPU
		{E04A8D57-ACD1-48F1-B883-38535C4592DD}.Debug|Any CPU.Build.0 = Debug|Any CPU
		{E04A8D57-ACD1-48F1-B883-38535C4592DD}.Release|Any CPU.ActiveCfg = Release|Any CPU
		{E04A8D57-ACD1-48F1-B883-38535C4592DD}.Release|Any CPU.Build.0 = Release|Any CPU
		{2774CA69-8D7B-4F06-905C-DCB59D0756EE}.Debug|Any CPU.ActiveCfg = Debug|Any CPU
		{2774CA69-8D7B-4F06-905C-DCB59D0756EE}.Debug|Any CPU.Build.0 = Debug|Any CPU
		{2774CA69-8D7B-4F06-905C-DCB59D0756EE}.Release|Any CPU.ActiveCfg = Release|Any CPU
		{2774CA69-8D7B-4F06-905C-DCB59D0756EE}.Release|Any CPU.Build.0 = Release|Any CPU
		{27F793C9-DF62-41CC-A4D8-DCCAD65AA061}.Debug|Any CPU.ActiveCfg = Debug|Any CPU
		{27F793C9-DF62-41CC-A4D8-DCCAD65AA061}.Debug|Any CPU.Build.0 = Debug|Any CPU
		{27F793C9-DF62-41CC-A4D8-DCCAD65AA061}.Release|Any CPU.ActiveCfg = Release|Any CPU
		{27F793C9-DF62-41CC-A4D8-DCCAD65AA061}.Release|Any CPU.Build.0 = Release|Any CPU
		{EACC0B15-A99C-40C2-BF31-085C0D19DCDA}.Debug|Any CPU.ActiveCfg = Debug|Any CPU
		{EACC0B15-A99C-40C2-BF31-085C0D19DCDA}.Debug|Any CPU.Build.0 = Debug|Any CPU
		{EACC0B15-A99C-40C2-BF31-085C0D19DCDA}.Release|Any CPU.ActiveCfg = Release|Any CPU
		{EACC0B15-A99C-40C2-BF31-085C0D19DCDA}.Release|Any CPU.Build.0 = Release|Any CPU
		{AE65214A-0816-4937-87F7-575A7431EA12}.Debug|Any CPU.ActiveCfg = Debug|Any CPU
		{AE65214A-0816-4937-87F7-575A7431EA12}.Debug|Any CPU.Build.0 = Debug|Any CPU
		{AE65214A-0816-4937-87F7-575A7431EA12}.Release|Any CPU.ActiveCfg = Release|Any CPU
		{AE65214A-0816-4937-87F7-575A7431EA12}.Release|Any CPU.Build.0 = Release|Any CPU
		{97CB874A-5563-41F2-BB5F-0033A43F2374}.Debug|Any CPU.ActiveCfg = Debug|Any CPU
		{97CB874A-5563-41F2-BB5F-0033A43F2374}.Debug|Any CPU.Build.0 = Debug|Any CPU
		{97CB874A-5563-41F2-BB5F-0033A43F2374}.Release|Any CPU.ActiveCfg = Release|Any CPU
		{97CB874A-5563-41F2-BB5F-0033A43F2374}.Release|Any CPU.Build.0 = Release|Any CPU
		{FB87F16C-2F56-4870-923C-7B78A77640A1}.Debug|Any CPU.ActiveCfg = Debug|Any CPU
		{FB87F16C-2F56-4870-923C-7B78A77640A1}.Debug|Any CPU.Build.0 = Debug|Any CPU
		{FB87F16C-2F56-4870-923C-7B78A77640A1}.Release|Any CPU.ActiveCfg = Release|Any CPU
		{FB87F16C-2F56-4870-923C-7B78A77640A1}.Release|Any CPU.Build.0 = Release|Any CPU
		{CDB00EF9-1E27-4AB4-B8E4-203E96B557CE}.Debug|Any CPU.ActiveCfg = Debug|Any CPU
		{CDB00EF9-1E27-4AB4-B8E4-203E96B557CE}.Debug|Any CPU.Build.0 = Debug|Any CPU
		{CDB00EF9-1E27-4AB4-B8E4-203E96B557CE}.Release|Any CPU.ActiveCfg = Release|Any CPU
		{CDB00EF9-1E27-4AB4-B8E4-203E96B557CE}.Release|Any CPU.Build.0 = Release|Any CPU
		{450A7379-5E7F-475C-980E-E14C2374229F}.Debug|Any CPU.ActiveCfg = Debug|Any CPU
		{450A7379-5E7F-475C-980E-E14C2374229F}.Debug|Any CPU.Build.0 = Debug|Any CPU
		{450A7379-5E7F-475C-980E-E14C2374229F}.Release|Any CPU.ActiveCfg = Release|Any CPU
		{450A7379-5E7F-475C-980E-E14C2374229F}.Release|Any CPU.Build.0 = Release|Any CPU
		{0CFF5CBA-9C33-4044-9B8C-8B0828EEF949}.Debug|Any CPU.ActiveCfg = Debug|Any CPU
		{0CFF5CBA-9C33-4044-9B8C-8B0828EEF949}.Debug|Any CPU.Build.0 = Debug|Any CPU
		{0CFF5CBA-9C33-4044-9B8C-8B0828EEF949}.Release|Any CPU.ActiveCfg = Release|Any CPU
		{0CFF5CBA-9C33-4044-9B8C-8B0828EEF949}.Release|Any CPU.Build.0 = Release|Any CPU
	EndGlobalSection
	GlobalSection(SolutionProperties) = preSolution
		HideSolutionNode = FALSE
	EndGlobalSection
	GlobalSection(NestedProjects) = preSolution
		{D8B87434-FC38-4BDB-836F-C0CF64F3604B} = {D8DF8957-9CC7-407A-9E27-6E3E12F0CD29}
		{834C1A7E-7BE6-465B-BE09-EAFC1B8B7899} = {D8DF8957-9CC7-407A-9E27-6E3E12F0CD29}
		{D2D4DB67-4A8B-4D5C-9746-9194DDF98AC6} = {D8DF8957-9CC7-407A-9E27-6E3E12F0CD29}
		{5743C96F-09CF-4FF5-A47D-DE57F68116B6} = {1E0306FD-3B0F-4A39-847B-0B0D161863B2}
		{72C16100-2D29-4FD9-A20F-E2D574933B1D} = {1E0306FD-3B0F-4A39-847B-0B0D161863B2}
		{E8A23F61-ACE4-4815-B16F-06FB80458206} = {1E0306FD-3B0F-4A39-847B-0B0D161863B2}
		{CAD4C89F-ADB2-42F6-8A7A-E1CB3E9640F0} = {E44100C0-90B9-48AE-922E-059DC4EF2B58}
		{BC00E914-9241-4814-BCE7-ED11942CE363} = {E44100C0-90B9-48AE-922E-059DC4EF2B58}
		{6BB0B871-59AC-4A2F-8B1C-38DFD2A2EA3A} = {E44100C0-90B9-48AE-922E-059DC4EF2B58}
		{857F5C6C-66C5-4D2A-A5F4-BEF037309789} = {7F1CC6A0-9527-4DA1-8D4D-88B2F8883033}
		{155C2D96-28C8-4393-B274-C92A48F6CC16} = {7F1CC6A0-9527-4DA1-8D4D-88B2F8883033}
		{E04A8D57-ACD1-48F1-B883-38535C4592DD} = {7F1CC6A0-9527-4DA1-8D4D-88B2F8883033}
		{2774CA69-8D7B-4F06-905C-DCB59D0756EE} = {C4149C69-BD0B-442E-BCB1-5E944A3BB6D3}
		{27F793C9-DF62-41CC-A4D8-DCCAD65AA061} = {C4149C69-BD0B-442E-BCB1-5E944A3BB6D3}
		{EACC0B15-A99C-40C2-BF31-085C0D19DCDA} = {C4149C69-BD0B-442E-BCB1-5E944A3BB6D3}
		{AE65214A-0816-4937-87F7-575A7431EA12} = {FC3765A9-03AA-4F49-84DC-F1C11F311151}
		{97CB874A-5563-41F2-BB5F-0033A43F2374} = {FC3765A9-03AA-4F49-84DC-F1C11F311151}
		{FB87F16C-2F56-4870-923C-7B78A77640A1} = {FC3765A9-03AA-4F49-84DC-F1C11F311151}
		{CDB00EF9-1E27-4AB4-B8E4-203E96B557CE} = {55CAFD9F-D0A3-40D8-B1D9-1B5BD9E28A6D}
		{450A7379-5E7F-475C-980E-E14C2374229F} = {55CAFD9F-D0A3-40D8-B1D9-1B5BD9E28A6D}
		{0CFF5CBA-9C33-4044-9B8C-8B0828EEF949} = {55CAFD9F-D0A3-40D8-B1D9-1B5BD9E28A6D}
	EndGlobalSection
	GlobalSection(ExtensibilityGlobals) = postSolution
		SolutionGuid = {81B8341B-DFAE-4823-91B2-74107A83376D}
	EndGlobalSection
EndGlobal
